// !$*UTF8*$!
{
	archiveVersion = 1;
	classes = {
	};
	objectVersion = 56;
	objects = {

/* Begin PBXBuildFile section */
		394595042C4938660058D87D /* AudioToolbox.framework in Frameworks */ = {isa = PBXBuildFile; fileRef = 394595032C4938660058D87D /* AudioToolbox.framework */; };
		394595062C4938700058D87D /* CoreMotion.framework in Frameworks */ = {isa = PBXBuildFile; fileRef = 394595052C4938700058D87D /* CoreMotion.framework */; };
		3945950A2C4939C30058D87D /* libc++.tbd in Frameworks */ = {isa = PBXBuildFile; fileRef = 394595092C4939C30058D87D /* libc++.tbd */; };
		39B8BF302C609D9B00B18613 /* CustomSchemeHandler2.swift in Sources */ = {isa = PBXBuildFile; fileRef = 39B8BF2F2C609D9B00B18613 /* CustomSchemeHandler2.swift */; };
		39BE42A92C5E829E0011EEB0 /* ViewController.swift in Sources */ = {isa = PBXBuildFile; fileRef = 39BE42A82C5E829E0011EEB0 /* ViewController.swift */; };
		39BE42B22C5E91A30011EEB0 /* Storyboard.storyboard in Resources */ = {isa = PBXBuildFile; fileRef = 39BE42B12C5E91A30011EEB0 /* Storyboard.storyboard */; };
		39BE42B42C5E92B90011EEB0 /* Launch Screen.storyboard in Resources */ = {isa = PBXBuildFile; fileRef = 39BE42B32C5E92B90011EEB0 /* Launch Screen.storyboard */; };
		39E2DBE52C5FBB92004493F2 /* CustomSchemeHandler.swift in Sources */ = {isa = PBXBuildFile; fileRef = 39E2DBE42C5FBB92004493F2 /* CustomSchemeHandler.swift */; };
		5F18DBDB2A64020F00EFCB2C /* AppDelegate.swift in Sources */ = {isa = PBXBuildFile; fileRef = 5F18DBDA2A64020F00EFCB2C /* AppDelegate.swift */; };
		5F18DBF52A6406AA00EFCB2C /* libwinitios.a in Frameworks */ = {isa = PBXBuildFile; fileRef = 5F18DBF42A64069900EFCB2C /* libwinitios.a */; };
/* End PBXBuildFile section */

/* Begin PBXFileReference section */
		394595032C4938660058D87D /* AudioToolbox.framework */ = {isa = PBXFileReference; lastKnownFileType = wrapper.framework; name = AudioToolbox.framework; path = System/Library/Frameworks/AudioToolbox.framework; sourceTree = SDKROOT; };
		394595052C4938700058D87D /* CoreMotion.framework */ = {isa = PBXFileReference; lastKnownFileType = wrapper.framework; name = CoreMotion.framework; path = System/Library/Frameworks/CoreMotion.framework; sourceTree = SDKROOT; };
		394595072C4938E50058D87D /* AudioUnit.framework */ = {isa = PBXFileReference; lastKnownFileType = wrapper.framework; name = AudioUnit.framework; path = System/Library/Frameworks/AudioUnit.framework; sourceTree = SDKROOT; };
		394595092C4939C30058D87D /* libc++.tbd */ = {isa = PBXFileReference; lastKnownFileType = "sourcecode.text-based-dylib-definition"; name = "libc++.tbd"; path = "usr/lib/libc++.tbd"; sourceTree = SDKROOT; };
		39B8BF2F2C609D9B00B18613 /* CustomSchemeHandler2.swift */ = {isa = PBXFileReference; lastKnownFileType = sourcecode.swift; path = CustomSchemeHandler2.swift; sourceTree = "<group>"; };
		39BE42A82C5E829E0011EEB0 /* ViewController.swift */ = {isa = PBXFileReference; lastKnownFileType = sourcecode.swift; path = ViewController.swift; sourceTree = "<group>"; };
		39BE42B12C5E91A30011EEB0 /* Storyboard.storyboard */ = {isa = PBXFileReference; lastKnownFileType = file.storyboard; path = Storyboard.storyboard; sourceTree = "<group>"; };
		39BE42B32C5E92B90011EEB0 /* Launch Screen.storyboard */ = {isa = PBXFileReference; lastKnownFileType = file.storyboard; path = "Launch Screen.storyboard"; sourceTree = "<group>"; };
		39E2DBE42C5FBB92004493F2 /* CustomSchemeHandler.swift */ = {isa = PBXFileReference; lastKnownFileType = sourcecode.swift; path = CustomSchemeHandler.swift; sourceTree = "<group>"; };
		5F18DBD72A64020F00EFCB2C /* winit-ios.app */ = {isa = PBXFileReference; explicitFileType = wrapper.application; includeInIndex = 0; path = "winit-ios.app"; sourceTree = BUILT_PRODUCTS_DIR; };
		5F18DBDA2A64020F00EFCB2C /* AppDelegate.swift */ = {isa = PBXFileReference; lastKnownFileType = sourcecode.swift; path = AppDelegate.swift; sourceTree = "<group>"; };
		5F18DBF02A64027A00EFCB2C /* Bridge.h */ = {isa = PBXFileReference; lastKnownFileType = sourcecode.c.h; path = Bridge.h; sourceTree = "<group>"; };
		5F18DBF22A64059F00EFCB2C /* libwinitios.a */ = {isa = PBXFileReference; lastKnownFileType = archive.ar; name = libwinitios.a; path = "../target/aarch64-apple-ios/debug/libwinitios.a"; sourceTree = "<group>"; };
		5F18DBF32A6405AB00EFCB2C /* libresolv.tbd */ = {isa = PBXFileReference; lastKnownFileType = "sourcecode.text-based-dylib-definition"; name = libresolv.tbd; path = usr/lib/libresolv.tbd; sourceTree = SDKROOT; };
		5F18DBF42A64069900EFCB2C /* libwinitios.a */ = {isa = PBXFileReference; lastKnownFileType = archive.ar; name = libwinitios.a; path = "../target/aarch64-apple-ios-sim/release/libwinitios.a"; sourceTree = "<group>"; };
/* End PBXFileReference section */

/* Begin PBXFrameworksBuildPhase section */
		5F18DBD42A64020F00EFCB2C /* Frameworks */ = {
			isa = PBXFrameworksBuildPhase;
			buildActionMask = 2147483647;
			files = (
				3945950A2C4939C30058D87D /* libc++.tbd in Frameworks */,
				394595062C4938700058D87D /* CoreMotion.framework in Frameworks */,
				394595042C4938660058D87D /* AudioToolbox.framework in Frameworks */,
				5F18DBF52A6406AA00EFCB2C /* libwinitios.a in Frameworks */,
			);
			runOnlyForDeploymentPostprocessing = 0;
		};
/* End PBXFrameworksBuildPhase section */

/* Begin PBXGroup section */
		5F18DBCE2A64020F00EFCB2C = {
			isa = PBXGroup;
			children = (
				5F18DBD92A64020F00EFCB2C /* winit-ios */,
				5F18DBD82A64020F00EFCB2C /* Products */,
				5F18DBF12A64059F00EFCB2C /* Frameworks */,
			);
			sourceTree = "<group>";
		};
		5F18DBD82A64020F00EFCB2C /* Products */ = {
			isa = PBXGroup;
			children = (
				5F18DBD72A64020F00EFCB2C /* winit-ios.app */,
			);
			name = Products;
			sourceTree = "<group>";
		};
		5F18DBD92A64020F00EFCB2C /* winit-ios */ = {
			isa = PBXGroup;
			children = (
				5F18DBDA2A64020F00EFCB2C /* AppDelegate.swift */,
				5F18DBF02A64027A00EFCB2C /* Bridge.h */,
				39BE42A82C5E829E0011EEB0 /* ViewController.swift */,
				39BE42B12C5E91A30011EEB0 /* Storyboard.storyboard */,
				39BE42B32C5E92B90011EEB0 /* Launch Screen.storyboard */,
				39E2DBE42C5FBB92004493F2 /* CustomSchemeHandler.swift */,
				39B8BF2F2C609D9B00B18613 /* CustomSchemeHandler2.swift */,
			);
			path = "winit-ios";
			sourceTree = "<group>";
		};
		5F18DBF12A64059F00EFCB2C /* Frameworks */ = {
			isa = PBXGroup;
			children = (
				394595092C4939C30058D87D /* libc++.tbd */,
				394595072C4938E50058D87D /* AudioUnit.framework */,
				394595052C4938700058D87D /* CoreMotion.framework */,
				394595032C4938660058D87D /* AudioToolbox.framework */,
				5F18DBF42A64069900EFCB2C /* libwinitios.a */,
				5F18DBF32A6405AB00EFCB2C /* libresolv.tbd */,
				5F18DBF22A64059F00EFCB2C /* libwinitios.a */,
			);
			name = Frameworks;
			sourceTree = "<group>";
		};
/* End PBXGroup section */

/* Begin PBXNativeTarget section */
		5F18DBD62A64020F00EFCB2C /* winit-ios */ = {
			isa = PBXNativeTarget;
			buildConfigurationList = 5F18DBED2A64021000EFCB2C /* Build configuration list for PBXNativeTarget "winit-ios" */;
			buildPhases = (
				5F18DBD32A64020F00EFCB2C /* Sources */,
				5F18DBD42A64020F00EFCB2C /* Frameworks */,
				5F18DBD52A64020F00EFCB2C /* Resources */,
			);
			buildRules = (
			);
			dependencies = (
			);
			name = "winit-ios";
			productName = "winit-ios";
			productReference = 5F18DBD72A64020F00EFCB2C /* winit-ios.app */;
			productType = "com.apple.product-type.application";
		};
/* End PBXNativeTarget section */

/* Begin PBXProject section */
		5F18DBCF2A64020F00EFCB2C /* Project object */ = {
			isa = PBXProject;
			attributes = {
				BuildIndependentTargetsInParallel = 1;
				LastSwiftUpdateCheck = 1420;
				LastUpgradeCheck = 1540;
				TargetAttributes = {
					5F18DBD62A64020F00EFCB2C = {
						CreatedOnToolsVersion = 14.2;
					};
				};
			};
			buildConfigurationList = 5F18DBD22A64020F00EFCB2C /* Build configuration list for PBXProject "winit-ios" */;
			compatibilityVersion = "Xcode 14.0";
			developmentRegion = en;
			hasScannedForEncodings = 0;
			knownRegions = (
				en,
				Base,
			);
			mainGroup = 5F18DBCE2A64020F00EFCB2C;
			productRefGroup = 5F18DBD82A64020F00EFCB2C /* Products */;
			projectDirPath = "";
			projectRoot = "";
			targets = (
				5F18DBD62A64020F00EFCB2C /* winit-ios */,
			);
		};
/* End PBXProject section */

/* Begin PBXResourcesBuildPhase section */
		5F18DBD52A64020F00EFCB2C /* Resources */ = {
			isa = PBXResourcesBuildPhase;
			buildActionMask = 2147483647;
			files = (
				39BE42B42C5E92B90011EEB0 /* Launch Screen.storyboard in Resources */,
				39BE42B22C5E91A30011EEB0 /* Storyboard.storyboard in Resources */,
			);
			runOnlyForDeploymentPostprocessing = 0;
		};
/* End PBXResourcesBuildPhase section */

/* Begin PBXSourcesBuildPhase section */
		5F18DBD32A64020F00EFCB2C /* Sources */ = {
			isa = PBXSourcesBuildPhase;
			buildActionMask = 2147483647;
			files = (
				39BE42A92C5E829E0011EEB0 /* ViewController.swift in Sources */,
				39B8BF302C609D9B00B18613 /* CustomSchemeHandler2.swift in Sources */,
				5F18DBDB2A64020F00EFCB2C /* AppDelegate.swift in Sources */,
				39E2DBE52C5FBB92004493F2 /* CustomSchemeHandler.swift in Sources */,
			);
			runOnlyForDeploymentPostprocessing = 0;
		};
/* End PBXSourcesBuildPhase section */

/* Begin XCBuildConfiguration section */
		5F18DBEB2A64021000EFCB2C /* Debug */ = {
			isa = XCBuildConfiguration;
			buildSettings = {
				ALWAYS_SEARCH_USER_PATHS = NO;
				CLANG_ANALYZER_NONNULL = YES;
				CLANG_ANALYZER_NUMBER_OBJECT_CONVERSION = YES_AGGRESSIVE;
				CLANG_CXX_LANGUAGE_STANDARD = "gnu++20";
				CLANG_ENABLE_MODULES = YES;
				CLANG_ENABLE_OBJC_ARC = YES;
				CLANG_ENABLE_OBJC_WEAK = YES;
				CLANG_WARN_BLOCK_CAPTURE_AUTORELEASING = YES;
				CLANG_WARN_BOOL_CONVERSION = YES;
				CLANG_WARN_COMMA = YES;
				CLANG_WARN_CONSTANT_CONVERSION = YES;
				CLANG_WARN_DEPRECATED_OBJC_IMPLEMENTATIONS = YES;
				CLANG_WARN_DIRECT_OBJC_ISA_USAGE = YES_ERROR;
				CLANG_WARN_DOCUMENTATION_COMMENTS = YES;
				CLANG_WARN_EMPTY_BODY = YES;
				CLANG_WARN_ENUM_CONVERSION = YES;
				CLANG_WARN_INFINITE_RECURSION = YES;
				CLANG_WARN_INT_CONVERSION = YES;
				CLANG_WARN_NON_LITERAL_NULL_CONVERSION = YES;
				CLANG_WARN_OBJC_IMPLICIT_RETAIN_SELF = YES;
				CLANG_WARN_OBJC_LITERAL_CONVERSION = YES;
				CLANG_WARN_OBJC_ROOT_CLASS = YES_ERROR;
				CLANG_WARN_QUOTED_INCLUDE_IN_FRAMEWORK_HEADER = YES;
				CLANG_WARN_RANGE_LOOP_ANALYSIS = YES;
				CLANG_WARN_STRICT_PROTOTYPES = YES;
				CLANG_WARN_SUSPICIOUS_MOVE = YES;
				CLANG_WARN_UNGUARDED_AVAILABILITY = YES_AGGRESSIVE;
				CLANG_WARN_UNREACHABLE_CODE = YES;
				CLANG_WARN__DUPLICATE_METHOD_MATCH = YES;
				COPY_PHASE_STRIP = NO;
				DEBUG_INFORMATION_FORMAT = dwarf;
				ENABLE_STRICT_OBJC_MSGSEND = YES;
				ENABLE_TESTABILITY = YES;
				ENABLE_USER_SCRIPT_SANDBOXING = YES;
				GCC_C_LANGUAGE_STANDARD = gnu11;
				GCC_DYNAMIC_NO_PIC = NO;
				GCC_NO_COMMON_BLOCKS = YES;
				GCC_OPTIMIZATION_LEVEL = 0;
				GCC_PREPROCESSOR_DEFINITIONS = (
					"DEBUG=1",
					"$(inherited)",
				);
				GCC_WARN_64_TO_32_BIT_CONVERSION = YES;
				GCC_WARN_ABOUT_RETURN_TYPE = YES_ERROR;
				GCC_WARN_UNDECLARED_SELECTOR = YES;
				GCC_WARN_UNINITIALIZED_AUTOS = YES_AGGRESSIVE;
				GCC_WARN_UNUSED_FUNCTION = YES;
				GCC_WARN_UNUSED_VARIABLE = YES;
				IPHONEOS_DEPLOYMENT_TARGET = 16.2;
				MTL_ENABLE_DEBUG_INFO = INCLUDE_SOURCE;
				MTL_FAST_MATH = YES;
				ONLY_ACTIVE_ARCH = YES;
				SDKROOT = iphoneos;
				SWIFT_ACTIVE_COMPILATION_CONDITIONS = DEBUG;
				SWIFT_OPTIMIZATION_LEVEL = "-Onone";
			};
			name = Debug;
		};
		5F18DBEC2A64021000EFCB2C /* Release */ = {
			isa = XCBuildConfiguration;
			buildSettings = {
				ALWAYS_SEARCH_USER_PATHS = NO;
				CLANG_ANALYZER_NONNULL = YES;
				CLANG_ANALYZER_NUMBER_OBJECT_CONVERSION = YES_AGGRESSIVE;
				CLANG_CXX_LANGUAGE_STANDARD = "gnu++20";
				CLANG_ENABLE_MODULES = YES;
				CLANG_ENABLE_OBJC_ARC = YES;
				CLANG_ENABLE_OBJC_WEAK = YES;
				CLANG_WARN_BLOCK_CAPTURE_AUTORELEASING = YES;
				CLANG_WARN_BOOL_CONVERSION = YES;
				CLANG_WARN_COMMA = YES;
				CLANG_WARN_CONSTANT_CONVERSION = YES;
				CLANG_WARN_DEPRECATED_OBJC_IMPLEMENTATIONS = YES;
				CLANG_WARN_DIRECT_OBJC_ISA_USAGE = YES_ERROR;
				CLANG_WARN_DOCUMENTATION_COMMENTS = YES;
				CLANG_WARN_EMPTY_BODY = YES;
				CLANG_WARN_ENUM_CONVERSION = YES;
				CLANG_WARN_INFINITE_RECURSION = YES;
				CLANG_WARN_INT_CONVERSION = YES;
				CLANG_WARN_NON_LITERAL_NULL_CONVERSION = YES;
				CLANG_WARN_OBJC_IMPLICIT_RETAIN_SELF = YES;
				CLANG_WARN_OBJC_LITERAL_CONVERSION = YES;
				CLANG_WARN_OBJC_ROOT_CLASS = YES_ERROR;
				CLANG_WARN_QUOTED_INCLUDE_IN_FRAMEWORK_HEADER = YES;
				CLANG_WARN_RANGE_LOOP_ANALYSIS = YES;
				CLANG_WARN_STRICT_PROTOTYPES = YES;
				CLANG_WARN_SUSPICIOUS_MOVE = YES;
				CLANG_WARN_UNGUARDED_AVAILABILITY = YES_AGGRESSIVE;
				CLANG_WARN_UNREACHABLE_CODE = YES;
				CLANG_WARN__DUPLICATE_METHOD_MATCH = YES;
				COPY_PHASE_STRIP = NO;
				DEBUG_INFORMATION_FORMAT = "dwarf-with-dsym";
				ENABLE_NS_ASSERTIONS = NO;
				ENABLE_STRICT_OBJC_MSGSEND = YES;
				ENABLE_USER_SCRIPT_SANDBOXING = YES;
				GCC_C_LANGUAGE_STANDARD = gnu11;
				GCC_NO_COMMON_BLOCKS = YES;
				GCC_WARN_64_TO_32_BIT_CONVERSION = YES;
				GCC_WARN_ABOUT_RETURN_TYPE = YES_ERROR;
				GCC_WARN_UNDECLARED_SELECTOR = YES;
				GCC_WARN_UNINITIALIZED_AUTOS = YES_AGGRESSIVE;
				GCC_WARN_UNUSED_FUNCTION = YES;
				GCC_WARN_UNUSED_VARIABLE = YES;
				IPHONEOS_DEPLOYMENT_TARGET = 16.2;
				MTL_ENABLE_DEBUG_INFO = NO;
				MTL_FAST_MATH = YES;
				SDKROOT = iphoneos;
				SWIFT_COMPILATION_MODE = wholemodule;
				SWIFT_OPTIMIZATION_LEVEL = "-O";
				VALIDATE_PRODUCT = YES;
			};
			name = Release;
		};
		5F18DBEE2A64021000EFCB2C /* Debug */ = {
			isa = XCBuildConfiguration;
			buildSettings = {
				ASSETCATALOG_COMPILER_APPICON_NAME = AppIcon;
				ASSETCATALOG_COMPILER_GLOBAL_ACCENT_COLOR_NAME = AccentColor;
				CODE_SIGN_STYLE = Automatic;
				CURRENT_PROJECT_VERSION = 1;
				DEVELOPMENT_TEAM = 5Q8S9BD88F;
				GENERATE_INFOPLIST_FILE = YES;
				INFOPLIST_KEY_UIApplicationSupportsIndirectInputEvents = YES;
				INFOPLIST_KEY_UILaunchStoryboardName = LaunchScreen;
				INFOPLIST_KEY_UIRequiredDeviceCapabilities = metal;
				INFOPLIST_KEY_UIStatusBarHidden = YES;
				INFOPLIST_KEY_UISupportedInterfaceOrientations_iPad = "UIInterfaceOrientationPortrait UIInterfaceOrientationPortraitUpsideDown UIInterfaceOrientationLandscapeLeft UIInterfaceOrientationLandscapeRight";
				INFOPLIST_KEY_UISupportedInterfaceOrientations_iPhone = "UIInterfaceOrientationPortrait UIInterfaceOrientationLandscapeLeft UIInterfaceOrientationLandscapeRight";
				LD_RUNPATH_SEARCH_PATHS = (
					"$(inherited)",
					"@executable_path/Frameworks",
				);
				LIBRARY_SEARCH_PATHS = (
					"$(PROJECT_DIR)/../target/aarch64-apple-ios-sim/release",
					"$(PROJECT_DIR)/../target/aarch64-apple-ios-sim/release",
				);
				MARKETING_VERSION = 1.0;
				PRODUCT_BUNDLE_IDENTIFIER = "com.joep.winit-ios";
				PRODUCT_NAME = "$(TARGET_NAME)";
				SWIFT_EMIT_LOC_STRINGS = YES;
				SWIFT_OBJC_BRIDGING_HEADER = "$(TARGET_NAME)/Bridge.h";
				SWIFT_VERSION = 5.0;
				TARGETED_DEVICE_FAMILY = "1,2";
			};
			name = Debug;
		};
		5F18DBEF2A64021000EFCB2C /* Release */ = {
			isa = XCBuildConfiguration;
			buildSettings = {
				ASSETCATALOG_COMPILER_APPICON_NAME = AppIcon;
				ASSETCATALOG_COMPILER_GLOBAL_ACCENT_COLOR_NAME = AccentColor;
				CODE_SIGN_STYLE = Automatic;
				CURRENT_PROJECT_VERSION = 1;
				DEVELOPMENT_TEAM = 5Q8S9BD88F;
				GENERATE_INFOPLIST_FILE = YES;
				INFOPLIST_KEY_UIApplicationSupportsIndirectInputEvents = YES;
				INFOPLIST_KEY_UILaunchStoryboardName = LaunchScreen;
				INFOPLIST_KEY_UIRequiredDeviceCapabilities = metal;
				INFOPLIST_KEY_UIStatusBarHidden = YES;
				INFOPLIST_KEY_UISupportedInterfaceOrientations_iPad = "UIInterfaceOrientationPortrait UIInterfaceOrientationPortraitUpsideDown UIInterfaceOrientationLandscapeLeft UIInterfaceOrientationLandscapeRight";
				INFOPLIST_KEY_UISupportedInterfaceOrientations_iPhone = "UIInterfaceOrientationPortrait UIInterfaceOrientationLandscapeLeft UIInterfaceOrientationLandscapeRight";
				LD_RUNPATH_SEARCH_PATHS = (
					"$(inherited)",
					"@executable_path/Frameworks",
				);
				LIBRARY_SEARCH_PATHS = (
					"$(PROJECT_DIR)/../target/aarch64-apple-ios-sim/release",
					"$(PROJECT_DIR)/../target/aarch64-apple-ios-sim/release",
				);
				MARKETING_VERSION = 1.0;
				PRODUCT_BUNDLE_IDENTIFIER = "com.joep.winit-ios";
				PRODUCT_NAME = "$(TARGET_NAME)";
				SWIFT_EMIT_LOC_STRINGS = YES;
				SWIFT_OBJC_BRIDGING_HEADER = "$(TARGET_NAME)/Bridge.h";
				SWIFT_VERSION = 5.0;
				TARGETED_DEVICE_FAMILY = "1,2";
			};
			name = Release;
		};
/* End XCBuildConfiguration section */

/* Begin XCConfigurationList section */
		5F18DBD22A64020F00EFCB2C /* Build configuration list for PBXProject "winit-ios" */ = {
			isa = XCConfigurationList;
			buildConfigurations = (
				5F18DBEB2A64021000EFCB2C /* Debug */,
				5F18DBEC2A64021000EFCB2C /* Release */,
			);
			defaultConfigurationIsVisible = 0;
			defaultConfigurationName = Release;
		};
		5F18DBED2A64021000EFCB2C /* Build configuration list for PBXNativeTarget "winit-ios" */ = {
			isa = XCConfigurationList;
			buildConfigurations = (
				5F18DBEE2A64021000EFCB2C /* Debug */,
				5F18DBEF2A64021000EFCB2C /* Release */,
			);
			defaultConfigurationIsVisible = 0;
			defaultConfigurationName = Release;
		};
/* End XCConfigurationList section */
	};
	rootObject = 5F18DBCF2A64020F00EFCB2C /* Project object */;
}
